
Microsoft Visual Studio Solution File, Format Version 12.00
# Visual Studio Version 16
VisualStudioVersion = 16.0.30114.105
MinimumVisualStudioVersion = 10.0.40219.1
Project("{FAE04EC0-301F-11D3-BF4B-00C04F79EFBC}") = "SpotifyTest", "SpotifyTest.csproj", "{A99F5EFB-0073-4C01-B010-7D7DB140AD01}"
EndProject
Global
	GlobalSection(SolutionConfigurationPlatforms) = preSolution
		Debug|Any CPU = Debug|Any CPU
		Release|Any CPU = Release|Any CPU
	EndGlobalSection
	GlobalSection(ProjectConfigurationPlatforms) = postSolution
		{A99F5EFB-0073-4C01-B010-7D7DB140AD01}.Debug|Any CPU.ActiveCfg = Debug|Any CPU
		{A99F5EFB-0073-4C01-B010-7D7DB140AD01}.Debug|Any CPU.Build.0 = Debug|Any CPU
		{A99F5EFB-0073-4C01-B010-7D7DB140AD01}.Release|Any CPU.ActiveCfg = Release|Any CPU
		{A99F5EFB-0073-4C01-B010-7D7DB140AD01}.Release|Any CPU.Build.0 = Release|Any CPU
	EndGlobalSection
	GlobalSection(SolutionProperties) = preSolution
		HideSolutionNode = FALSE
	EndGlobalSection
	GlobalSection(ExtensibilityGlobals) = postSolution
		SolutionGuid = {D0966011-FD37-4B70-961E-5D532AC311C0}
	EndGlobalSection
EndGlobal
